
Microsoft Visual Studio Solution File, Format Version 12.00
# Visual Studio Version 17
VisualStudioVersion = 17.4.33213.308
MinimumVisualStudioVersion = 10.0.40219.1
Project("{FAE04EC0-301F-11D3-BF4B-00C04F79EFBC}") = "Sistema FAT", "Sistema FAT\Sistema FAT.csproj", "{9C426CD2-8E2B-4BA9-82E1-2089E4B9D1B0}"
EndProject
Global
	GlobalSection(SolutionConfigurationPlatforms) = preSolution
		Debug|Any CPU = Debug|Any CPU
		Release|Any CPU = Release|Any CPU
	EndGlobalSection
	GlobalSection(ProjectConfigurationPlatforms) = postSolution
		{9C426CD2-8E2B-4BA9-82E1-2089E4B9D1B0}.Debug|Any CPU.ActiveCfg = Debug|Any CPU
		{9C426CD2-8E2B-4BA9-82E1-2089E4B9D1B0}.Debug|Any CPU.Build.0 = Debug|Any CPU
		{9C426CD2-8E2B-4BA9-82E1-2089E4B9D1B0}.Release|Any CPU.ActiveCfg = Release|Any CPU
		{9C426CD2-8E2B-4BA9-82E1-2089E4B9D1B0}.Release|Any CPU.Build.0 = Release|Any CPU
	EndGlobalSection
	GlobalSection(SolutionProperties) = preSolution
		HideSolutionNode = FALSE
	EndGlobalSection
	GlobalSection(ExtensibilityGlobals) = postSolution
		SolutionGuid = {E3D95A22-8B98-4F14-93D9-02810F701F3F}
	EndGlobalSection
EndGlobal
